// !$*UTF8*$!
{
	archiveVersion = 1;
	classes = {
	};
	objectVersion = 56;
	objects = {

/* Begin PBXBuildFile section */
		A001 /* StandupAgentApp.swift in Sources */ = {isa = PBXBuildFile; fileRef = B001 /* StandupAgentApp.swift */; };
		A002 /* AppSettings.swift in Sources */ = {isa = PBXBuildFile; fileRef = B002 /* AppSettings.swift */; };
		A003 /* ClaudeService.swift in Sources */ = {isa = PBXBuildFile; fileRef = B003 /* ClaudeService.swift */; };
		A004 /* StandupView.swift in Sources */ = {isa = PBXBuildFile; fileRef = B004 /* StandupView.swift */; };
		A005 /* SettingsView.swift in Sources */ = {isa = PBXBuildFile; fileRef = B005 /* SettingsView.swift */; };
		A006 /* Assets.xcassets in Resources */ = {isa = PBXBuildFile; fileRef = B006 /* Assets.xcassets */; };
		A007 /* StandupSession.swift in Sources */ = {isa = PBXBuildFile; fileRef = B007 /* StandupSession.swift */; };
		A008 /* ChatMessage.swift in Sources */ = {isa = PBXBuildFile; fileRef = B008 /* ChatMessage.swift */; };
/* End PBXBuildFile section */

/* Begin PBXFileReference section */
		B001 /* StandupAgentApp.swift */ = {isa = PBXFileReference; lastKnownFileType = sourcecode.swift; path = StandupAgentApp.swift; sourceTree = "<group>"; };
		B002 /* AppSettings.swift */ = {isa = PBXFileReference; lastKnownFileType = sourcecode.swift; path = AppSettings.swift; sourceTree = "<group>"; };
		B003 /* ClaudeService.swift */ = {isa = PBXFileReference; lastKnownFileType = sourcecode.swift; path = ClaudeService.swift; sourceTree = "<group>"; };
		B004 /* StandupView.swift */ = {isa = PBXFileReference; lastKnownFileType = sourcecode.swift; path = StandupView.swift; sourceTree = "<group>"; };
		B005 /* SettingsView.swift */ = {isa = PBXFileReference; lastKnownFileType = sourcecode.swift; path = SettingsView.swift; sourceTree = "<group>"; };
		B006 /* Assets.xcassets */ = {isa = PBXFileReference; lastKnownFileType = folder.assetcatalog; path = Assets.xcassets; sourceTree = "<group>"; };
		B007 /* StandupSession.swift */ = {isa = PBXFileReference; lastKnownFileType = sourcecode.swift; path = StandupSession.swift; sourceTree = "<group>"; };
		B008 /* ChatMessage.swift */ = {isa = PBXFileReference; lastKnownFileType = sourcecode.swift; path = ChatMessage.swift; sourceTree = "<group>"; };
		C001 /* StandupAgent.app */ = {isa = PBXFileReference; explicitFileType = wrapper.application; includeInIndex = 0; path = StandupAgent.app; sourceTree = BUILT_PRODUCTS_DIR; };
/* End PBXFileReference section */

/* Begin PBXFrameworksBuildPhase section */
		D001 = {
			isa = PBXFrameworksBuildPhase;
			buildActionMask = 2147483647;
			files = ();
			runOnlyForDeploymentPostprocessing = 0;
		};
/* End PBXFrameworksBuildPhase section */

/* Begin PBXGroup section */
		E001 = {
			isa = PBXGroup;
			children = (
				E002 /* StandupAgent */,
				E003 /* Products */,
			);
			sourceTree = "<group>";
		};
		E002 /* StandupAgent */ = {
			isa = PBXGroup;
			children = (
				B001 /* StandupAgentApp.swift */,
				E004 /* Models */,
				E005 /* Services */,
				E006 /* Views */,
				B006 /* Assets.xcassets */,
			);
			path = StandupAgent;
			sourceTree = "<group>";
		};
		E003 /* Products */ = {
			isa = PBXGroup;
			children = (
				C001 /* StandupAgent.app */,
			);
			name = Products;
			sourceTree = "<group>";
		};
		E004 /* Models */ = {
			isa = PBXGroup;
			children = (
				B002 /* AppSettings.swift */,
				B007 /* StandupSession.swift */,
				B008 /* ChatMessage.swift */,
			);
			path = Models;
			sourceTree = "<group>";
		};
		E005 /* Services */ = {
			isa = PBXGroup;
			children = (
				B003 /* ClaudeService.swift */,
			);
			path = Services;
			sourceTree = "<group>";
		};
		E006 /* Views */ = {
			isa = PBXGroup;
			children = (
				B004 /* StandupView.swift */,
				B005 /* SettingsView.swift */,
			);
			path = Views;
			sourceTree = "<group>";
		};
/* End PBXGroup section */

/* Begin PBXNativeTarget section */
		F001 /* StandupAgent */ = {
			isa = PBXNativeTarget;
			buildConfigurationList = G001 /* Build configuration list for PBXNativeTarget "StandupAgent" */;
			buildPhases = (
				H001 /* Sources */,
				D001 /* Frameworks */,
				H002 /* Resources */,
			);
			buildRules = ();
			dependencies = ();
			name = StandupAgent;
			productName = StandupAgent;
			productReference = C001 /* StandupAgent.app */;
			productType = "com.apple.product-type.application";
		};
/* End PBXNativeTarget section */

/* Begin PBXProject section */
		I001 /* Project object */ = {
			isa = PBXProject;
			attributes = {
				BuildIndependentTargetsInParallel = 1;
				LastSwiftUpdateCheck = 1500;
				LastUpgradeCheck = 1500;
				TargetAttributes = {
					F001 = {
						CreatedOnToolsVersion = 15.0;
					};
				};
			};
			buildConfigurationList = G002 /* Build configuration list for PBXProject "StandupAgent" */;
			compatibilityVersion = "Xcode 14.0";
			developmentRegion = en;
			hasScannedForEncodings = 0;
			knownRegions = (
				en,
				Base,
			);
			mainGroup = E001;
			productRefGroup = E003 /* Products */;
			projectDirPath = "";
			projectRoot = "";
			targets = (
				F001 /* StandupAgent */,
			);
		};
/* End PBXProject section */

/* Begin PBXResourcesBuildPhase section */
		H002 = {
			isa = PBXResourcesBuildPhase;
			buildActionMask = 2147483647;
			files = (
				A006 /* Assets.xcassets in Resources */,
			);
			runOnlyForDeploymentPostprocessing = 0;
		};
/* End PBXResourcesBuildPhase section */

/* Begin PBXSourcesBuildPhase section */
		H001 = {
			isa = PBXSourcesBuildPhase;
			buildActionMask = 2147483647;
			files = (
				A001 /* StandupAgentApp.swift in Sources */,
				A002 /* AppSettings.swift in Sources */,
				A003 /* ClaudeService.swift in Sources */,
				A004 /* StandupView.swift in Sources */,
				A005 /* SettingsView.swift in Sources */,
				A007 /* StandupSession.swift in Sources */,
				A008 /* ChatMessage.swift in Sources */,
			);
			runOnlyForDeploymentPostprocessing = 0;
		};
/* End PBXSourcesBuildPhase section */

/* Begin XCBuildConfiguration section */
		J001 /* Debug */ = {
			isa = XCBuildConfiguration;
			buildSettings = {
				ALWAYS_SEARCH_USER_PATHS = NO;
				ASSETCATALOG_COMPILER_APPICON_NAME = AppIcon;
				ASSETCATALOG_COMPILER_GLOBAL_ACCENT_COLOR_NAME = AccentColor;
				CODE_SIGN_STYLE = Automatic;
				COMBINE_HIDPI_IMAGES = YES;
				CURRENT_PROJECT_VERSION = 1;
				DEAD_CODE_STRIPPING = YES;
				DEBUG_INFORMATION_FORMAT = dwarf;
				ENABLE_HARDENED_RUNTIME = YES;
				GCC_C_LANGUAGE_STANDARD = gnu17;
				GCC_DYNAMIC_NO_PIC = NO;
				GCC_OPTIMIZATION_LEVEL = 0;
				GCC_PREPROCESSOR_DEFINITIONS = (
					"DEBUG=1",
					"$(inherited)",
				);
				INFOPLIST_FILE = StandupAgent/Info.plist;
				LD_RUNPATH_SEARCH_PATHS = (
					"$(inherited)",
					"@executable_path/../Frameworks",
				);
				MACOSX_DEPLOYMENT_TARGET = 14.0;
				MARKETING_VERSION = 1.0;
				PRODUCT_BUNDLE_IDENTIFIER = com.yourname.StandupAgent;
				PRODUCT_NAME = "$(TARGET_NAME)";
				SWIFT_ACTIVE_COMPILATION_CONDITIONS = DEBUG;
				SWIFT_OPTIMIZATION_LEVEL = "-Onone";
				SWIFT_VERSION = 5.0;
			};
			name = Debug;
		};
		J002 /* Release */ = {
			isa = XCBuildConfiguration;
			buildSettings = {
				ALWAYS_SEARCH_USER_PATHS = NO;
				ASSETCATALOG_COMPILER_APPICON_NAME = AppIcon;
				ASSETCATALOG_COMPILER_GLOBAL_ACCENT_COLOR_NAME = AccentColor;
				CODE_SIGN_STYLE = Automatic;
				COMBINE_HIDPI_IMAGES = YES;
				CURRENT_PROJECT_VERSION = 1;
				DEAD_CODE_STRIPPING = YES;
				DEBUG_INFORMATION_FORMAT = "dwarf-with-dsym";
				ENABLE_HARDENED_RUNTIME = YES;
				GCC_C_LANGUAGE_STANDARD = gnu17;
				INFOPLIST_FILE = StandupAgent/Info.plist;
				LD_RUNPATH_SEARCH_PATHS = (
					"$(inherited)",
					"@executable_path/../Frameworks",
				);
				MACOSX_DEPLOYMENT_TARGET = 14.0;
				MARKETING_VERSION = 1.0;
				PRODUCT_BUNDLE_IDENTIFIER = com.yourname.StandupAgent;
				PRODUCT_NAME = "$(TARGET_NAME)";
				SWIFT_OPTIMIZATION_LEVEL = "-Owholemodule";
				SWIFT_VERSION = 5.0;
			};
			name = Release;
		};
		J003 /* Debug */ = {
			isa = XCBuildConfiguration;
			buildSettings = {
				ALWAYS_SEARCH_USER_PATHS = NO;
				GCC_C_LANGUAGE_STANDARD = gnu17;
				MACOSX_DEPLOYMENT_TARGET = 14.0;
				SWIFT_VERSION = 5.0;
			};
			name = Debug;
		};
		J004 /* Release */ = {
			isa = XCBuildConfiguration;
			buildSettings = {
				ALWAYS_SEARCH_USER_PATHS = NO;
				GCC_C_LANGUAGE_STANDARD = gnu17;
				MACOSX_DEPLOYMENT_TARGET = 14.0;
				SWIFT_VERSION = 5.0;
			};
			name = Release;
		};
/* End XCBuildConfiguration section */

/* Begin XCConfigurationList section */
		G001 /* Build configuration list for PBXNativeTarget "StandupAgent" */ = {
			isa = XCConfigurationList;
			buildConfigurations = (
				J001 /* Debug */,
				J002 /* Release */,
			);
			defaultConfigurationIsVisible = 0;
			defaultConfigurationName = Release;
		};
		G002 /* Build configuration list for PBXProject "StandupAgent" */ = {
			isa = XCConfigurationList;
			buildConfigurations = (
				J003 /* Debug */,
				J004 /* Release */,
			);
			defaultConfigurationIsVisible = 0;
			defaultConfigurationName = Release;
		};
/* End XCConfigurationList section */

	};
	rootObject = I001 /* Project object */;
}
